
Microsoft Visual Studio Solution File, Format Version 12.00
# Visual Studio Version 16
VisualStudioVersion = 16.6.30114.105
MinimumVisualStudioVersion = 10.0.40219.1
Project("{FAE04EC0-301F-11D3-BF4B-00C04F79EFBC}") = "CraftDay.ToDo.CSharp", "CraftDay.ToDo.CSharp\CraftDay.ToDo.CSharp.csproj", "{04109991-CE7D-4E08-A9F2-80F4E8D09FBE}"
EndProject
Project("{FAE04EC0-301F-11D3-BF4B-00C04F79EFBC}") = "CraftDay.ToDo.CSharpRop", "CraftDay.ToDo.CSharpRop\CraftDay.ToDo.CSharpRop.csproj", "{1CA8FD81-397A-4E38-BFB9-A3B9418062B2}"
EndProject
Project("{F2A71F9B-5D33-465A-A702-920D77279786}") = "CraftDay.ToDo.FSharpRop", "CraftDay.ToDo.FSharpRop\CraftDay.ToDo.FSharpRop.fsproj", "{C3A3F133-3ACE-40B5-A7DD-ADA32B303E0A}"
EndProject
Project("{F2A71F9B-5D33-465A-A702-920D77279786}") = "CraftDay.ToDo.Unit.Test", "CraftDay.ToDo.Unit.Test\CraftDay.ToDo.Unit.Test.fsproj", "{C1AC7529-61C3-447D-9193-A8AB9CF1D35A}"
EndProject
Project("{F2A71F9B-5D33-465A-A702-920D77279786}") = "CraftDay.ToDo.Integration.Test", "CraftDay.ToDo.Integration.Test\CraftDay.ToDo.Integration.Test.fsproj", "{E52417B8-9D48-448A-AAC2-577F77829314}"
EndProject
Global
	GlobalSection(SolutionConfigurationPlatforms) = preSolution
		Debug|Any CPU = Debug|Any CPU
		Debug|x64 = Debug|x64
		Debug|x86 = Debug|x86
		Release|Any CPU = Release|Any CPU
		Release|x64 = Release|x64
		Release|x86 = Release|x86
	EndGlobalSection
	GlobalSection(SolutionProperties) = preSolution
		HideSolutionNode = FALSE
	EndGlobalSection
	GlobalSection(ProjectConfigurationPlatforms) = postSolution
		{04109991-CE7D-4E08-A9F2-80F4E8D09FBE}.Debug|Any CPU.ActiveCfg = Debug|Any CPU
		{04109991-CE7D-4E08-A9F2-80F4E8D09FBE}.Debug|Any CPU.Build.0 = Debug|Any CPU
		{04109991-CE7D-4E08-A9F2-80F4E8D09FBE}.Debug|x64.ActiveCfg = Debug|Any CPU
		{04109991-CE7D-4E08-A9F2-80F4E8D09FBE}.Debug|x64.Build.0 = Debug|Any CPU
		{04109991-CE7D-4E08-A9F2-80F4E8D09FBE}.Debug|x86.ActiveCfg = Debug|Any CPU
		{04109991-CE7D-4E08-A9F2-80F4E8D09FBE}.Debug|x86.Build.0 = Debug|Any CPU
		{04109991-CE7D-4E08-A9F2-80F4E8D09FBE}.Release|Any CPU.ActiveCfg = Release|Any CPU
		{04109991-CE7D-4E08-A9F2-80F4E8D09FBE}.Release|Any CPU.Build.0 = Release|Any CPU
		{04109991-CE7D-4E08-A9F2-80F4E8D09FBE}.Release|x64.ActiveCfg = Release|Any CPU
		{04109991-CE7D-4E08-A9F2-80F4E8D09FBE}.Release|x64.Build.0 = Release|Any CPU
		{04109991-CE7D-4E08-A9F2-80F4E8D09FBE}.Release|x86.ActiveCfg = Release|Any CPU
		{04109991-CE7D-4E08-A9F2-80F4E8D09FBE}.Release|x86.Build.0 = Release|Any CPU
		{1CA8FD81-397A-4E38-BFB9-A3B9418062B2}.Debug|Any CPU.ActiveCfg = Debug|Any CPU
		{1CA8FD81-397A-4E38-BFB9-A3B9418062B2}.Debug|Any CPU.Build.0 = Debug|Any CPU
		{1CA8FD81-397A-4E38-BFB9-A3B9418062B2}.Debug|x64.ActiveCfg = Debug|Any CPU
		{1CA8FD81-397A-4E38-BFB9-A3B9418062B2}.Debug|x64.Build.0 = Debug|Any CPU
		{1CA8FD81-397A-4E38-BFB9-A3B9418062B2}.Debug|x86.ActiveCfg = Debug|Any CPU
		{1CA8FD81-397A-4E38-BFB9-A3B9418062B2}.Debug|x86.Build.0 = Debug|Any CPU
		{1CA8FD81-397A-4E38-BFB9-A3B9418062B2}.Release|Any CPU.ActiveCfg = Release|Any CPU
		{1CA8FD81-397A-4E38-BFB9-A3B9418062B2}.Release|Any CPU.Build.0 = Release|Any CPU
		{1CA8FD81-397A-4E38-BFB9-A3B9418062B2}.Release|x64.ActiveCfg = Release|Any CPU
		{1CA8FD81-397A-4E38-BFB9-A3B9418062B2}.Release|x64.Build.0 = Release|Any CPU
		{1CA8FD81-397A-4E38-BFB9-A3B9418062B2}.Release|x86.ActiveCfg = Release|Any CPU
		{1CA8FD81-397A-4E38-BFB9-A3B9418062B2}.Release|x86.Build.0 = Release|Any CPU
		{C3A3F133-3ACE-40B5-A7DD-ADA32B303E0A}.Debug|Any CPU.ActiveCfg = Debug|Any CPU
		{C3A3F133-3ACE-40B5-A7DD-ADA32B303E0A}.Debug|Any CPU.Build.0 = Debug|Any CPU
		{C3A3F133-3ACE-40B5-A7DD-ADA32B303E0A}.Debug|x64.ActiveCfg = Debug|Any CPU
		{C3A3F133-3ACE-40B5-A7DD-ADA32B303E0A}.Debug|x64.Build.0 = Debug|Any CPU
		{C3A3F133-3ACE-40B5-A7DD-ADA32B303E0A}.Debug|x86.ActiveCfg = Debug|Any CPU
		{C3A3F133-3ACE-40B5-A7DD-ADA32B303E0A}.Debug|x86.Build.0 = Debug|Any CPU
		{C3A3F133-3ACE-40B5-A7DD-ADA32B303E0A}.Release|Any CPU.ActiveCfg = Release|Any CPU
		{C3A3F133-3ACE-40B5-A7DD-ADA32B303E0A}.Release|Any CPU.Build.0 = Release|Any CPU
		{C3A3F133-3ACE-40B5-A7DD-ADA32B303E0A}.Release|x64.ActiveCfg = Release|Any CPU
		{C3A3F133-3ACE-40B5-A7DD-ADA32B303E0A}.Release|x64.Build.0 = Release|Any CPU
		{C3A3F133-3ACE-40B5-A7DD-ADA32B303E0A}.Release|x86.ActiveCfg = Release|Any CPU
		{C3A3F133-3ACE-40B5-A7DD-ADA32B303E0A}.Release|x86.Build.0 = Release|Any CPU
		{C1AC7529-61C3-447D-9193-A8AB9CF1D35A}.Debug|Any CPU.ActiveCfg = Debug|Any CPU
		{C1AC7529-61C3-447D-9193-A8AB9CF1D35A}.Debug|Any CPU.Build.0 = Debug|Any CPU
		{C1AC7529-61C3-447D-9193-A8AB9CF1D35A}.Debug|x64.ActiveCfg = Debug|Any CPU
		{C1AC7529-61C3-447D-9193-A8AB9CF1D35A}.Debug|x64.Build.0 = Debug|Any CPU
		{C1AC7529-61C3-447D-9193-A8AB9CF1D35A}.Debug|x86.ActiveCfg = Debug|Any CPU
		{C1AC7529-61C3-447D-9193-A8AB9CF1D35A}.Debug|x86.Build.0 = Debug|Any CPU
		{C1AC7529-61C3-447D-9193-A8AB9CF1D35A}.Release|Any CPU.ActiveCfg = Release|Any CPU
		{C1AC7529-61C3-447D-9193-A8AB9CF1D35A}.Release|Any CPU.Build.0 = Release|Any CPU
		{C1AC7529-61C3-447D-9193-A8AB9CF1D35A}.Release|x64.ActiveCfg = Release|Any CPU
		{C1AC7529-61C3-447D-9193-A8AB9CF1D35A}.Release|x64.Build.0 = Release|Any CPU
		{C1AC7529-61C3-447D-9193-A8AB9CF1D35A}.Release|x86.ActiveCfg = Release|Any CPU
		{C1AC7529-61C3-447D-9193-A8AB9CF1D35A}.Release|x86.Build.0 = Release|Any CPU
		{E52417B8-9D48-448A-AAC2-577F77829314}.Debug|Any CPU.ActiveCfg = Debug|Any CPU
		{E52417B8-9D48-448A-AAC2-577F77829314}.Debug|Any CPU.Build.0 = Debug|Any CPU
		{E52417B8-9D48-448A-AAC2-577F77829314}.Debug|x64.ActiveCfg = Debug|Any CPU
		{E52417B8-9D48-448A-AAC2-577F77829314}.Debug|x64.Build.0 = Debug|Any CPU
		{E52417B8-9D48-448A-AAC2-577F77829314}.Debug|x86.ActiveCfg = Debug|Any CPU
		{E52417B8-9D48-448A-AAC2-577F77829314}.Debug|x86.Build.0 = Debug|Any CPU
		{E52417B8-9D48-448A-AAC2-577F77829314}.Release|Any CPU.ActiveCfg = Release|Any CPU
		{E52417B8-9D48-448A-AAC2-577F77829314}.Release|Any CPU.Build.0 = Release|Any CPU
		{E52417B8-9D48-448A-AAC2-577F77829314}.Release|x64.ActiveCfg = Release|Any CPU
		{E52417B8-9D48-448A-AAC2-577F77829314}.Release|x64.Build.0 = Release|Any CPU
		{E52417B8-9D48-448A-AAC2-577F77829314}.Release|x86.ActiveCfg = Release|Any CPU
		{E52417B8-9D48-448A-AAC2-577F77829314}.Release|x86.Build.0 = Release|Any CPU
	EndGlobalSection
EndGlobal
